
Microsoft Visual Studio Solution File, Format Version 12.00
# Visual Studio Version 17
VisualStudioVersion = 17.8.34408.163
MinimumVisualStudioVersion = 10.0.40219.1
Project("{FAE04EC0-301F-11D3-BF4B-00C04F79EFBC}") = "command-project", "command-project\command-project.csproj", "{BB576D2C-F69E-4FEF-BD0F-CC43926E106E}"
EndProject
Project("{2150E333-8FDC-42A3-9474-1A3956D46DE8}") = "Элементы решения", "Элементы решения", "{DCDCE887-A50A-4C6C-B88F-6E115885B8A9}"
EndProject
Global
	GlobalSection(SolutionConfigurationPlatforms) = preSolution
		Debug|Any CPU = Debug|Any CPU
		Release|Any CPU = Release|Any CPU
	EndGlobalSection
	GlobalSection(ProjectConfigurationPlatforms) = postSolution
		{BB576D2C-F69E-4FEF-BD0F-CC43926E106E}.Debug|Any CPU.ActiveCfg = Debug|Any CPU
		{BB576D2C-F69E-4FEF-BD0F-CC43926E106E}.Debug|Any CPU.Build.0 = Debug|Any CPU
		{BB576D2C-F69E-4FEF-BD0F-CC43926E106E}.Release|Any CPU.ActiveCfg = Release|Any CPU
		{BB576D2C-F69E-4FEF-BD0F-CC43926E106E}.Release|Any CPU.Build.0 = Release|Any CPU
	EndGlobalSection
	GlobalSection(SolutionProperties) = preSolution
		HideSolutionNode = FALSE
	EndGlobalSection
	GlobalSection(ExtensibilityGlobals) = postSolution
		SolutionGuid = {401705FE-5869-4B34-A18D-5C87984D2E4E}
	EndGlobalSection
EndGlobal
